
Microsoft Visual Studio Solution File, Format Version 12.00
# Visual Studio Version 16
VisualStudioVersion = 16.0.31112.23
MinimumVisualStudioVersion = 10.0.40219.1
Project("{FAE04EC0-301F-11D3-BF4B-00C04F79EFBC}") = "Calculator", "Calculator.csproj", "{075F3020-3CD1-4351-875F-7D8E3BB5DFDD}"
EndProject
Global
	GlobalSection(SolutionConfigurationPlatforms) = preSolution
		Debug|Any CPU = Debug|Any CPU
		Release|Any CPU = Release|Any CPU
	EndGlobalSection
	GlobalSection(ProjectConfigurationPlatforms) = postSolution
		{075F3020-3CD1-4351-875F-7D8E3BB5DFDD}.Debug|Any CPU.ActiveCfg = Debug|Any CPU
		{075F3020-3CD1-4351-875F-7D8E3BB5DFDD}.Debug|Any CPU.Build.0 = Debug|Any CPU
		{075F3020-3CD1-4351-875F-7D8E3BB5DFDD}.Release|Any CPU.ActiveCfg = Release|Any CPU
		{075F3020-3CD1-4351-875F-7D8E3BB5DFDD}.Release|Any CPU.Build.0 = Release|Any CPU
	EndGlobalSection
	GlobalSection(SolutionProperties) = preSolution
		HideSolutionNode = FALSE
	EndGlobalSection
	GlobalSection(ExtensibilityGlobals) = postSolution
		SolutionGuid = {B781A986-E6F5-4E42-9F7A-CED6B346555E}
	EndGlobalSection
EndGlobal
